
Microsoft Visual Studio Solution File, Format Version 12.00
# Visual Studio Version 17
VisualStudioVersion = 17.13.35825.156 d17.13
MinimumVisualStudioVersion = 10.0.40219.1
Project("{FAE04EC0-301F-11D3-BF4B-00C04F79EFBC}") = "ViewCanvas", "ViewCanvas\ViewCanvas.csproj", "{C7EADA29-F595-4665-9DB3-5E514973AD86}"
EndProject
Project("{2150E333-8FDC-42A3-9474-1A3956D46DE8}") = "Applications", "Applications", "{36D591C7-65C7-A0D1-1CBC-10CDE441BDC8}"
EndProject
Project("{FAE04EC0-301F-11D3-BF4B-00C04F79EFBC}") = "DrawCanvas.App", "DrawCanvas.App\DrawCanvas.App.csproj", "{E096C1FA-924E-41FA-9C64-786B68E3F03F}"
EndProject
Global
	GlobalSection(SolutionConfigurationPlatforms) = preSolution
		Debug|Any CPU = Debug|Any CPU
		Release|Any CPU = Release|Any CPU
	EndGlobalSection
	GlobalSection(ProjectConfigurationPlatforms) = postSolution
		{C7EADA29-F595-4665-9DB3-5E514973AD86}.Debug|Any CPU.ActiveCfg = Debug|Any CPU
		{C7EADA29-F595-4665-9DB3-5E514973AD86}.Debug|Any CPU.Build.0 = Debug|Any CPU
		{C7EADA29-F595-4665-9DB3-5E514973AD86}.Release|Any CPU.ActiveCfg = Release|Any CPU
		{C7EADA29-F595-4665-9DB3-5E514973AD86}.Release|Any CPU.Build.0 = Release|Any CPU
		{E096C1FA-924E-41FA-9C64-786B68E3F03F}.Debug|Any CPU.ActiveCfg = Debug|Any CPU
		{E096C1FA-924E-41FA-9C64-786B68E3F03F}.Debug|Any CPU.Build.0 = Debug|Any CPU
		{E096C1FA-924E-41FA-9C64-786B68E3F03F}.Release|Any CPU.ActiveCfg = Release|Any CPU
		{E096C1FA-924E-41FA-9C64-786B68E3F03F}.Release|Any CPU.Build.0 = Release|Any CPU
	EndGlobalSection
	GlobalSection(SolutionProperties) = preSolution
		HideSolutionNode = FALSE
	EndGlobalSection
	GlobalSection(NestedProjects) = preSolution
		{E096C1FA-924E-41FA-9C64-786B68E3F03F} = {36D591C7-65C7-A0D1-1CBC-10CDE441BDC8}
	EndGlobalSection
	GlobalSection(ExtensibilityGlobals) = postSolution
		SolutionGuid = {65B10F79-C67C-4B6E-B2B0-C98C033C8FC1}
	EndGlobalSection
EndGlobal
